// !$*UTF8*$!
{
	archiveVersion = 1;
	classes = {
	};
	objectVersion = 48;
	objects = {

/* Begin PBXBuildFile section */
		F9AA9F9A1FFE26FE0072E4A0 /* AppDelegate.swift in Sources */ = {isa = PBXBuildFile; fileRef = F9AA9F991FFE26FE0072E4A0 /* AppDelegate.swift */; };
		F9AA9F9C1FFE26FE0072E4A0 /* ViewController.swift in Sources */ = {isa = PBXBuildFile; fileRef = F9AA9F9B1FFE26FE0072E4A0 /* ViewController.swift */; };
		F9AA9F9F1FFE26FE0072E4A0 /* Main.storyboard in Resources */ = {isa = PBXBuildFile; fileRef = F9AA9F9D1FFE26FE0072E4A0 /* Main.storyboard */; };
		F9AA9FA11FFE26FE0072E4A0 /* Assets.xcassets in Resources */ = {isa = PBXBuildFile; fileRef = F9AA9FA01FFE26FE0072E4A0 /* Assets.xcassets */; };
		F9AA9FA41FFE26FE0072E4A0 /* LaunchScreen.storyboard in Resources */ = {isa = PBXBuildFile; fileRef = F9AA9FA21FFE26FE0072E4A0 /* LaunchScreen.storyboard */; };
		F9AA9FAF1FFE26FE0072E4A0 /* RandomData2Tests.swift in Sources */ = {isa = PBXBuildFile; fileRef = F9AA9FAE1FFE26FE0072E4A0 /* RandomData2Tests.swift */; };
		F9AA9FBA1FFE26FE0072E4A0 /* RandomData2UITests.swift in Sources */ = {isa = PBXBuildFile; fileRef = F9AA9FB91FFE26FE0072E4A0 /* RandomData2UITests.swift */; };
		F9AA9FC91FFE274A0072E4A0 /* Security.framework in Frameworks */ = {isa = PBXBuildFile; fileRef = F9AA9FC81FFE274A0072E4A0 /* Security.framework */; };
		F9AA9FCC1FFE29280072E4A0 /* AsBytes.swift in Sources */ = {isa = PBXBuildFile; fileRef = F9AA9FCB1FFE29280072E4A0 /* AsBytes.swift */; };
		F9AA9FCD1FFE29280072E4A0 /* AsBytes.swift in Sources */ = {isa = PBXBuildFile; fileRef = F9AA9FCB1FFE29280072E4A0 /* AsBytes.swift */; };
		F9AA9FCE1FFE29280072E4A0 /* AsBytes.swift in Sources */ = {isa = PBXBuildFile; fileRef = F9AA9FCB1FFE29280072E4A0 /* AsBytes.swift */; };
		F9AA9FD01FFE29610072E4A0 /* Cryptor.swift in Sources */ = {isa = PBXBuildFile; fileRef = F9AA9FCF1FFE29610072E4A0 /* Cryptor.swift */; };
		F9AA9FD11FFE29610072E4A0 /* Cryptor.swift in Sources */ = {isa = PBXBuildFile; fileRef = F9AA9FCF1FFE29610072E4A0 /* Cryptor.swift */; };
		F9AA9FD21FFE29610072E4A0 /* Cryptor.swift in Sources */ = {isa = PBXBuildFile; fileRef = F9AA9FCF1FFE29610072E4A0 /* Cryptor.swift */; };
		F9AA9FD41FFE296B0072E4A0 /* CryptorCore.swift in Sources */ = {isa = PBXBuildFile; fileRef = F9AA9FD31FFE296B0072E4A0 /* CryptorCore.swift */; };
		F9AA9FD51FFE296B0072E4A0 /* CryptorCore.swift in Sources */ = {isa = PBXBuildFile; fileRef = F9AA9FD31FFE296B0072E4A0 /* CryptorCore.swift */; };
		F9AA9FD61FFE296B0072E4A0 /* CryptorCore.swift in Sources */ = {isa = PBXBuildFile; fileRef = F9AA9FD31FFE296B0072E4A0 /* CryptorCore.swift */; };
		F9AA9FD81FFE29780072E4A0 /* RandomData.swift in Sources */ = {isa = PBXBuildFile; fileRef = F9AA9FD71FFE29780072E4A0 /* RandomData.swift */; };
		F9AA9FD91FFE29780072E4A0 /* RandomData.swift in Sources */ = {isa = PBXBuildFile; fileRef = F9AA9FD71FFE29780072E4A0 /* RandomData.swift */; };
		F9AA9FDA1FFE29780072E4A0 /* RandomData.swift in Sources */ = {isa = PBXBuildFile; fileRef = F9AA9FD71FFE29780072E4A0 /* RandomData.swift */; };
/* End PBXBuildFile section */

/* Begin PBXContainerItemProxy section */
		F9AA9FAB1FFE26FE0072E4A0 /* PBXContainerItemProxy */ = {
			isa = PBXContainerItemProxy;
			containerPortal = F9AA9F8E1FFE26FE0072E4A0 /* Project object */;
			proxyType = 1;
			remoteGlobalIDString = F9AA9F951FFE26FE0072E4A0;
			remoteInfo = RandomData2;
		};
		F9AA9FB61FFE26FE0072E4A0 /* PBXContainerItemProxy */ = {
			isa = PBXContainerItemProxy;
			containerPortal = F9AA9F8E1FFE26FE0072E4A0 /* Project object */;
			proxyType = 1;
			remoteGlobalIDString = F9AA9F951FFE26FE0072E4A0;
			remoteInfo = RandomData2;
		};
/* End PBXContainerItemProxy section */

/* Begin PBXFileReference section */
		F9AA9F961FFE26FE0072E4A0 /* RandomData2.app */ = {isa = PBXFileReference; explicitFileType = wrapper.application; includeInIndex = 0; path = RandomData2.app; sourceTree = BUILT_PRODUCTS_DIR; };
		F9AA9F991FFE26FE0072E4A0 /* AppDelegate.swift */ = {isa = PBXFileReference; lastKnownFileType = sourcecode.swift; path = AppDelegate.swift; sourceTree = "<group>"; };
		F9AA9F9B1FFE26FE0072E4A0 /* ViewController.swift */ = {isa = PBXFileReference; lastKnownFileType = sourcecode.swift; path = ViewController.swift; sourceTree = "<group>"; };
		F9AA9F9E1FFE26FE0072E4A0 /* Base */ = {isa = PBXFileReference; lastKnownFileType = file.storyboard; name = Base; path = Base.lproj/Main.storyboard; sourceTree = "<group>"; };
		F9AA9FA01FFE26FE0072E4A0 /* Assets.xcassets */ = {isa = PBXFileReference; lastKnownFileType = folder.assetcatalog; path = Assets.xcassets; sourceTree = "<group>"; };
		F9AA9FA31FFE26FE0072E4A0 /* Base */ = {isa = PBXFileReference; lastKnownFileType = file.storyboard; name = Base; path = Base.lproj/LaunchScreen.storyboard; sourceTree = "<group>"; };
		F9AA9FA51FFE26FE0072E4A0 /* Info.plist */ = {isa = PBXFileReference; lastKnownFileType = text.plist.xml; path = Info.plist; sourceTree = "<group>"; };
		F9AA9FAA1FFE26FE0072E4A0 /* RandomData2Tests.xctest */ = {isa = PBXFileReference; explicitFileType = wrapper.cfbundle; includeInIndex = 0; path = RandomData2Tests.xctest; sourceTree = BUILT_PRODUCTS_DIR; };
		F9AA9FAE1FFE26FE0072E4A0 /* RandomData2Tests.swift */ = {isa = PBXFileReference; lastKnownFileType = sourcecode.swift; path = RandomData2Tests.swift; sourceTree = "<group>"; };
		F9AA9FB01FFE26FE0072E4A0 /* Info.plist */ = {isa = PBXFileReference; lastKnownFileType = text.plist.xml; path = Info.plist; sourceTree = "<group>"; };
		F9AA9FB51FFE26FE0072E4A0 /* RandomData2UITests.xctest */ = {isa = PBXFileReference; explicitFileType = wrapper.cfbundle; includeInIndex = 0; path = RandomData2UITests.xctest; sourceTree = BUILT_PRODUCTS_DIR; };
		F9AA9FB91FFE26FE0072E4A0 /* RandomData2UITests.swift */ = {isa = PBXFileReference; lastKnownFileType = sourcecode.swift; path = RandomData2UITests.swift; sourceTree = "<group>"; };
		F9AA9FBB1FFE26FE0072E4A0 /* Info.plist */ = {isa = PBXFileReference; lastKnownFileType = text.plist.xml; path = Info.plist; sourceTree = "<group>"; };
		F9AA9FC81FFE274A0072E4A0 /* Security.framework */ = {isa = PBXFileReference; lastKnownFileType = wrapper.framework; name = Security.framework; path = System/Library/Frameworks/Security.framework; sourceTree = SDKROOT; };
		F9AA9FCA1FFE27B60072E4A0 /* RandomData2-Bridging-Header.h */ = {isa = PBXFileReference; lastKnownFileType = sourcecode.c.h; path = "RandomData2-Bridging-Header.h"; sourceTree = "<group>"; };
		F9AA9FCB1FFE29280072E4A0 /* AsBytes.swift */ = {isa = PBXFileReference; fileEncoding = 4; lastKnownFileType = sourcecode.swift; path = AsBytes.swift; sourceTree = "<group>"; };
		F9AA9FCF1FFE29610072E4A0 /* Cryptor.swift */ = {isa = PBXFileReference; fileEncoding = 4; lastKnownFileType = sourcecode.swift; path = Cryptor.swift; sourceTree = "<group>"; };
		F9AA9FD31FFE296B0072E4A0 /* CryptorCore.swift */ = {isa = PBXFileReference; fileEncoding = 4; lastKnownFileType = sourcecode.swift; path = CryptorCore.swift; sourceTree = "<group>"; };
		F9AA9FD71FFE29780072E4A0 /* RandomData.swift */ = {isa = PBXFileReference; fileEncoding = 4; lastKnownFileType = sourcecode.swift; path = RandomData.swift; sourceTree = "<group>"; };
/* End PBXFileReference section */

/* Begin PBXFrameworksBuildPhase section */
		F9AA9F931FFE26FE0072E4A0 /* Frameworks */ = {
			isa = PBXFrameworksBuildPhase;
			buildActionMask = 2147483647;
			files = (
				F9AA9FC91FFE274A0072E4A0 /* Security.framework in Frameworks */,
			);
			runOnlyForDeploymentPostprocessing = 0;
		};
		F9AA9FA71FFE26FE0072E4A0 /* Frameworks */ = {
			isa = PBXFrameworksBuildPhase;
			buildActionMask = 2147483647;
			files = (
			);
			runOnlyForDeploymentPostprocessing = 0;
		};
		F9AA9FB21FFE26FE0072E4A0 /* Frameworks */ = {
			isa = PBXFrameworksBuildPhase;
			buildActionMask = 2147483647;
			files = (
			);
			runOnlyForDeploymentPostprocessing = 0;
		};
/* End PBXFrameworksBuildPhase section */

/* Begin PBXGroup section */
		F9AA9F8D1FFE26FE0072E4A0 = {
			isa = PBXGroup;
			children = (
				F9AA9F981FFE26FE0072E4A0 /* RandomData2 */,
				F9AA9FAD1FFE26FE0072E4A0 /* RandomData2Tests */,
				F9AA9FB81FFE26FE0072E4A0 /* RandomData2UITests */,
				F9AA9F971FFE26FE0072E4A0 /* Products */,
				F9AA9FC71FFE274A0072E4A0 /* Frameworks */,
			);
			sourceTree = "<group>";
		};
		F9AA9F971FFE26FE0072E4A0 /* Products */ = {
			isa = PBXGroup;
			children = (
				F9AA9F961FFE26FE0072E4A0 /* RandomData2.app */,
				F9AA9FAA1FFE26FE0072E4A0 /* RandomData2Tests.xctest */,
				F9AA9FB51FFE26FE0072E4A0 /* RandomData2UITests.xctest */,
			);
			name = Products;
			sourceTree = "<group>";
		};
		F9AA9F981FFE26FE0072E4A0 /* RandomData2 */ = {
			isa = PBXGroup;
			children = (
				F9AA9F991FFE26FE0072E4A0 /* AppDelegate.swift */,
				F9AA9F9B1FFE26FE0072E4A0 /* ViewController.swift */,
				F9AA9F9D1FFE26FE0072E4A0 /* Main.storyboard */,
				F9AA9FA01FFE26FE0072E4A0 /* Assets.xcassets */,
				F9AA9FA21FFE26FE0072E4A0 /* LaunchScreen.storyboard */,
				F9AA9FA51FFE26FE0072E4A0 /* Info.plist */,
				F9AA9FCA1FFE27B60072E4A0 /* RandomData2-Bridging-Header.h */,
				F9AA9FCB1FFE29280072E4A0 /* AsBytes.swift */,
				F9AA9FCF1FFE29610072E4A0 /* Cryptor.swift */,
				F9AA9FD31FFE296B0072E4A0 /* CryptorCore.swift */,
				F9AA9FD71FFE29780072E4A0 /* RandomData.swift */,
			);
			path = RandomData2;
			sourceTree = "<group>";
		};
		F9AA9FAD1FFE26FE0072E4A0 /* RandomData2Tests */ = {
			isa = PBXGroup;
			children = (
				F9AA9FAE1FFE26FE0072E4A0 /* RandomData2Tests.swift */,
				F9AA9FB01FFE26FE0072E4A0 /* Info.plist */,
			);
			path = RandomData2Tests;
			sourceTree = "<group>";
		};
		F9AA9FB81FFE26FE0072E4A0 /* RandomData2UITests */ = {
			isa = PBXGroup;
			children = (
				F9AA9FB91FFE26FE0072E4A0 /* RandomData2UITests.swift */,
				F9AA9FBB1FFE26FE0072E4A0 /* Info.plist */,
			);
			path = RandomData2UITests;
			sourceTree = "<group>";
		};
		F9AA9FC71FFE274A0072E4A0 /* Frameworks */ = {
			isa = PBXGroup;
			children = (
				F9AA9FC81FFE274A0072E4A0 /* Security.framework */,
			);
			name = Frameworks;
			sourceTree = "<group>";
		};
/* End PBXGroup section */

/* Begin PBXNativeTarget section */
		F9AA9F951FFE26FE0072E4A0 /* RandomData2 */ = {
			isa = PBXNativeTarget;
			buildConfigurationList = F9AA9FBE1FFE26FE0072E4A0 /* Build configuration list for PBXNativeTarget "RandomData2" */;
			buildPhases = (
				F9AA9F921FFE26FE0072E4A0 /* Sources */,
				F9AA9F931FFE26FE0072E4A0 /* Frameworks */,
				F9AA9F941FFE26FE0072E4A0 /* Resources */,
			);
			buildRules = (
			);
			dependencies = (
			);
			name = RandomData2;
			productName = RandomData2;
			productReference = F9AA9F961FFE26FE0072E4A0 /* RandomData2.app */;
			productType = "com.apple.product-type.application";
		};
		F9AA9FA91FFE26FE0072E4A0 /* RandomData2Tests */ = {
			isa = PBXNativeTarget;
			buildConfigurationList = F9AA9FC11FFE26FE0072E4A0 /* Build configuration list for PBXNativeTarget "RandomData2Tests" */;
			buildPhases = (
				F9AA9FA61FFE26FE0072E4A0 /* Sources */,
				F9AA9FA71FFE26FE0072E4A0 /* Frameworks */,
				F9AA9FA81FFE26FE0072E4A0 /* Resources */,
			);
			buildRules = (
			);
			dependencies = (
				F9AA9FAC1FFE26FE0072E4A0 /* PBXTargetDependency */,
			);
			name = RandomData2Tests;
			productName = RandomData2Tests;
			productReference = F9AA9FAA1FFE26FE0072E4A0 /* RandomData2Tests.xctest */;
			productType = "com.apple.product-type.bundle.unit-test";
		};
		F9AA9FB41FFE26FE0072E4A0 /* RandomData2UITests */ = {
			isa = PBXNativeTarget;
			buildConfigurationList = F9AA9FC41FFE26FE0072E4A0 /* Build configuration list for PBXNativeTarget "RandomData2UITests" */;
			buildPhases = (
				F9AA9FB11FFE26FE0072E4A0 /* Sources */,
				F9AA9FB21FFE26FE0072E4A0 /* Frameworks */,
				F9AA9FB31FFE26FE0072E4A0 /* Resources */,
			);
			buildRules = (
			);
			dependencies = (
				F9AA9FB71FFE26FE0072E4A0 /* PBXTargetDependency */,
			);
			name = RandomData2UITests;
			productName = RandomData2UITests;
			productReference = F9AA9FB51FFE26FE0072E4A0 /* RandomData2UITests.xctest */;
			productType = "com.apple.product-type.bundle.ui-testing";
		};
/* End PBXNativeTarget section */

/* Begin PBXProject section */
		F9AA9F8E1FFE26FE0072E4A0 /* Project object */ = {
			isa = PBXProject;
			attributes = {
				LastSwiftUpdateCheck = 0920;
				LastUpgradeCheck = 0920;
				ORGANIZATIONNAME = "OKU Junichirou";
				TargetAttributes = {
					F9AA9F951FFE26FE0072E4A0 = {
						CreatedOnToolsVersion = 9.2;
						ProvisioningStyle = Automatic;
					};
					F9AA9FA91FFE26FE0072E4A0 = {
						CreatedOnToolsVersion = 9.2;
						ProvisioningStyle = Automatic;
						TestTargetID = F9AA9F951FFE26FE0072E4A0;
					};
					F9AA9FB41FFE26FE0072E4A0 = {
						CreatedOnToolsVersion = 9.2;
						ProvisioningStyle = Automatic;
						TestTargetID = F9AA9F951FFE26FE0072E4A0;
					};
				};
			};
			buildConfigurationList = F9AA9F911FFE26FE0072E4A0 /* Build configuration list for PBXProject "RandomData2" */;
			compatibilityVersion = "Xcode 8.0";
			developmentRegion = en;
			hasScannedForEncodings = 0;
			knownRegions = (
				en,
				Base,
			);
			mainGroup = F9AA9F8D1FFE26FE0072E4A0;
			productRefGroup = F9AA9F971FFE26FE0072E4A0 /* Products */;
			projectDirPath = "";
			projectRoot = "";
			targets = (
				F9AA9F951FFE26FE0072E4A0 /* RandomData2 */,
				F9AA9FA91FFE26FE0072E4A0 /* RandomData2Tests */,
				F9AA9FB41FFE26FE0072E4A0 /* RandomData2UITests */,
			);
		};
/* End PBXProject section */

/* Begin PBXResourcesBuildPhase section */
		F9AA9F941FFE26FE0072E4A0 /* Resources */ = {
			isa = PBXResourcesBuildPhase;
			buildActionMask = 2147483647;
			files = (
				F9AA9FA41FFE26FE0072E4A0 /* LaunchScreen.storyboard in Resources */,
				F9AA9FA11FFE26FE0072E4A0 /* Assets.xcassets in Resources */,
				F9AA9F9F1FFE26FE0072E4A0 /* Main.storyboard in Resources */,
			);
			runOnlyForDeploymentPostprocessing = 0;
		};
		F9AA9FA81FFE26FE0072E4A0 /* Resources */ = {
			isa = PBXResourcesBuildPhase;
			buildActionMask = 2147483647;
			files = (
			);
			runOnlyForDeploymentPostprocessing = 0;
		};
		F9AA9FB31FFE26FE0072E4A0 /* Resources */ = {
			isa = PBXResourcesBuildPhase;
			buildActionMask = 2147483647;
			files = (
			);
			runOnlyForDeploymentPostprocessing = 0;
		};
/* End PBXResourcesBuildPhase section */

/* Begin PBXSourcesBuildPhase section */
		F9AA9F921FFE26FE0072E4A0 /* Sources */ = {
			isa = PBXSourcesBuildPhase;
			buildActionMask = 2147483647;
			files = (
				F9AA9FD81FFE29780072E4A0 /* RandomData.swift in Sources */,
				F9AA9FD01FFE29610072E4A0 /* Cryptor.swift in Sources */,
				F9AA9F9C1FFE26FE0072E4A0 /* ViewController.swift in Sources */,
				F9AA9FD41FFE296B0072E4A0 /* CryptorCore.swift in Sources */,
				F9AA9FCC1FFE29280072E4A0 /* AsBytes.swift in Sources */,
				F9AA9F9A1FFE26FE0072E4A0 /* AppDelegate.swift in Sources */,
			);
			runOnlyForDeploymentPostprocessing = 0;
		};
		F9AA9FA61FFE26FE0072E4A0 /* Sources */ = {
			isa = PBXSourcesBuildPhase;
			buildActionMask = 2147483647;
			files = (
				F9AA9FD11FFE29610072E4A0 /* Cryptor.swift in Sources */,
				F9AA9FD51FFE296B0072E4A0 /* CryptorCore.swift in Sources */,
				F9AA9FAF1FFE26FE0072E4A0 /* RandomData2Tests.swift in Sources */,
				F9AA9FCD1FFE29280072E4A0 /* AsBytes.swift in Sources */,
				F9AA9FD91FFE29780072E4A0 /* RandomData.swift in Sources */,
			);
			runOnlyForDeploymentPostprocessing = 0;
		};
		F9AA9FB11FFE26FE0072E4A0 /* Sources */ = {
			isa = PBXSourcesBuildPhase;
			buildActionMask = 2147483647;
			files = (
				F9AA9FD21FFE29610072E4A0 /* Cryptor.swift in Sources */,
				F9AA9FD61FFE296B0072E4A0 /* CryptorCore.swift in Sources */,
				F9AA9FBA1FFE26FE0072E4A0 /* RandomData2UITests.swift in Sources */,
				F9AA9FCE1FFE29280072E4A0 /* AsBytes.swift in Sources */,
				F9AA9FDA1FFE29780072E4A0 /* RandomData.swift in Sources */,
			);
			runOnlyForDeploymentPostprocessing = 0;
		};
/* End PBXSourcesBuildPhase section */

/* Begin PBXTargetDependency section */
		F9AA9FAC1FFE26FE0072E4A0 /* PBXTargetDependency */ = {
			isa = PBXTargetDependency;
			target = F9AA9F951FFE26FE0072E4A0 /* RandomData2 */;
			targetProxy = F9AA9FAB1FFE26FE0072E4A0 /* PBXContainerItemProxy */;
		};
		F9AA9FB71FFE26FE0072E4A0 /* PBXTargetDependency */ = {
			isa = PBXTargetDependency;
			target = F9AA9F951FFE26FE0072E4A0 /* RandomData2 */;
			targetProxy = F9AA9FB61FFE26FE0072E4A0 /* PBXContainerItemProxy */;
		};
/* End PBXTargetDependency section */

/* Begin PBXVariantGroup section */
		F9AA9F9D1FFE26FE0072E4A0 /* Main.storyboard */ = {
			isa = PBXVariantGroup;
			children = (
				F9AA9F9E1FFE26FE0072E4A0 /* Base */,
			);
			name = Main.storyboard;
			sourceTree = "<group>";
		};
		F9AA9FA21FFE26FE0072E4A0 /* LaunchScreen.storyboard */ = {
			isa = PBXVariantGroup;
			children = (
				F9AA9FA31FFE26FE0072E4A0 /* Base */,
			);
			name = LaunchScreen.storyboard;
			sourceTree = "<group>";
		};
/* End PBXVariantGroup section */

/* Begin XCBuildConfiguration section */
		F9AA9FBC1FFE26FE0072E4A0 /* Debug */ = {
			isa = XCBuildConfiguration;
			buildSettings = {
				ALWAYS_SEARCH_USER_PATHS = NO;
				CLANG_ANALYZER_NONNULL = YES;
				CLANG_ANALYZER_NUMBER_OBJECT_CONVERSION = YES_AGGRESSIVE;
				CLANG_CXX_LANGUAGE_STANDARD = "gnu++14";
				CLANG_CXX_LIBRARY = "libc++";
				CLANG_ENABLE_MODULES = YES;
				CLANG_ENABLE_OBJC_ARC = YES;
				CLANG_WARN_BLOCK_CAPTURE_AUTORELEASING = YES;
				CLANG_WARN_BOOL_CONVERSION = YES;
				CLANG_WARN_COMMA = YES;
				CLANG_WARN_CONSTANT_CONVERSION = YES;
				CLANG_WARN_DIRECT_OBJC_ISA_USAGE = YES_ERROR;
				CLANG_WARN_DOCUMENTATION_COMMENTS = YES;
				CLANG_WARN_EMPTY_BODY = YES;
				CLANG_WARN_ENUM_CONVERSION = YES;
				CLANG_WARN_INFINITE_RECURSION = YES;
				CLANG_WARN_INT_CONVERSION = YES;
				CLANG_WARN_NON_LITERAL_NULL_CONVERSION = YES;
				CLANG_WARN_OBJC_LITERAL_CONVERSION = YES;
				CLANG_WARN_OBJC_ROOT_CLASS = YES_ERROR;
				CLANG_WARN_RANGE_LOOP_ANALYSIS = YES;
				CLANG_WARN_STRICT_PROTOTYPES = YES;
				CLANG_WARN_SUSPICIOUS_MOVE = YES;
				CLANG_WARN_UNGUARDED_AVAILABILITY = YES_AGGRESSIVE;
				CLANG_WARN_UNREACHABLE_CODE = YES;
				CLANG_WARN__DUPLICATE_METHOD_MATCH = YES;
				CODE_SIGN_IDENTITY = "iPhone Developer";
				COPY_PHASE_STRIP = NO;
				DEBUG_INFORMATION_FORMAT = dwarf;
				ENABLE_STRICT_OBJC_MSGSEND = YES;
				ENABLE_TESTABILITY = YES;
				GCC_C_LANGUAGE_STANDARD = gnu11;
				GCC_DYNAMIC_NO_PIC = NO;
				GCC_NO_COMMON_BLOCKS = YES;
				GCC_OPTIMIZATION_LEVEL = 0;
				GCC_PREPROCESSOR_DEFINITIONS = (
					"DEBUG=1",
					"$(inherited)",
				);
				GCC_WARN_64_TO_32_BIT_CONVERSION = YES;
				GCC_WARN_ABOUT_RETURN_TYPE = YES_ERROR;
				GCC_WARN_UNDECLARED_SELECTOR = YES;
				GCC_WARN_UNINITIALIZED_AUTOS = YES_AGGRESSIVE;
				GCC_WARN_UNUSED_FUNCTION = YES;
				GCC_WARN_UNUSED_VARIABLE = YES;
				IPHONEOS_DEPLOYMENT_TARGET = 11.2;
				MTL_ENABLE_DEBUG_INFO = YES;
				ONLY_ACTIVE_ARCH = YES;
				SDKROOT = iphoneos;
				SWIFT_ACTIVE_COMPILATION_CONDITIONS = DEBUG;
				SWIFT_OBJC_BRIDGING_HEADER = "RandomData2/RandomData2-Bridging-Header.h";
				SWIFT_OPTIMIZATION_LEVEL = "-Onone";
			};
			name = Debug;
		};
		F9AA9FBD1FFE26FE0072E4A0 /* Release */ = {
			isa = XCBuildConfiguration;
			buildSettings = {
				ALWAYS_SEARCH_USER_PATHS = NO;
				CLANG_ANALYZER_NONNULL = YES;
				CLANG_ANALYZER_NUMBER_OBJECT_CONVERSION = YES_AGGRESSIVE;
				CLANG_CXX_LANGUAGE_STANDARD = "gnu++14";
				CLANG_CXX_LIBRARY = "libc++";
				CLANG_ENABLE_MODULES = YES;
				CLANG_ENABLE_OBJC_ARC = YES;
				CLANG_WARN_BLOCK_CAPTURE_AUTORELEASING = YES;
				CLANG_WARN_BOOL_CONVERSION = YES;
				CLANG_WARN_COMMA = YES;
				CLANG_WARN_CONSTANT_CONVERSION = YES;
				CLANG_WARN_DIRECT_OBJC_ISA_USAGE = YES_ERROR;
				CLANG_WARN_DOCUMENTATION_COMMENTS = YES;
				CLANG_WARN_EMPTY_BODY = YES;
				CLANG_WARN_ENUM_CONVERSION = YES;
				CLANG_WARN_INFINITE_RECURSION = YES;
				CLANG_WARN_INT_CONVERSION = YES;
				CLANG_WARN_NON_LITERAL_NULL_CONVERSION = YES;
				CLANG_WARN_OBJC_LITERAL_CONVERSION = YES;
				CLANG_WARN_OBJC_ROOT_CLASS = YES_ERROR;
				CLANG_WARN_RANGE_LOOP_ANALYSIS = YES;
				CLANG_WARN_STRICT_PROTOTYPES = YES;
				CLANG_WARN_SUSPICIOUS_MOVE = YES;
				CLANG_WARN_UNGUARDED_AVAILABILITY = YES_AGGRESSIVE;
				CLANG_WARN_UNREACHABLE_CODE = YES;
				CLANG_WARN__DUPLICATE_METHOD_MATCH = YES;
				CODE_SIGN_IDENTITY = "iPhone Developer";
				COPY_PHASE_STRIP = NO;
				DEBUG_INFORMATION_FORMAT = "dwarf-with-dsym";
				ENABLE_NS_ASSERTIONS = NO;
				ENABLE_STRICT_OBJC_MSGSEND = YES;
				GCC_C_LANGUAGE_STANDARD = gnu11;
				GCC_NO_COMMON_BLOCKS = YES;
				GCC_WARN_64_TO_32_BIT_CONVERSION = YES;
				GCC_WARN_ABOUT_RETURN_TYPE = YES_ERROR;
				GCC_WARN_UNDECLARED_SELECTOR = YES;
				GCC_WARN_UNINITIALIZED_AUTOS = YES_AGGRESSIVE;
				GCC_WARN_UNUSED_FUNCTION = YES;
				GCC_WARN_UNUSED_VARIABLE = YES;
				IPHONEOS_DEPLOYMENT_TARGET = 11.2;
				MTL_ENABLE_DEBUG_INFO = NO;
				SDKROOT = iphoneos;
				SWIFT_OBJC_BRIDGING_HEADER = "RandomData2/RandomData2-Bridging-Header.h";
				SWIFT_OPTIMIZATION_LEVEL = "-Owholemodule";
				VALIDATE_PRODUCT = YES;
			};
			name = Release;
		};
		F9AA9FBF1FFE26FE0072E4A0 /* Debug */ = {
			isa = XCBuildConfiguration;
			buildSettings = {
				ASSETCATALOG_COMPILER_APPICON_NAME = AppIcon;
				CODE_SIGN_STYLE = Automatic;
				DEVELOPMENT_TEAM = XLW76U7H2R;
				INFOPLIST_FILE = RandomData2/Info.plist;
				LD_RUNPATH_SEARCH_PATHS = "$(inherited) @executable_path/Frameworks";
				PRODUCT_BUNDLE_IDENTIFIER = com.me.jun1ro1.RandomData2;
				PRODUCT_NAME = "$(TARGET_NAME)";
				SWIFT_VERSION = 4.0;
				TARGETED_DEVICE_FAMILY = "1,2";
			};
			name = Debug;
		};
		F9AA9FC01FFE26FE0072E4A0 /* Release */ = {
			isa = XCBuildConfiguration;
			buildSettings = {
				ASSETCATALOG_COMPILER_APPICON_NAME = AppIcon;
				CODE_SIGN_STYLE = Automatic;
				DEVELOPMENT_TEAM = XLW76U7H2R;
				INFOPLIST_FILE = RandomData2/Info.plist;
				LD_RUNPATH_SEARCH_PATHS = "$(inherited) @executable_path/Frameworks";
				PRODUCT_BUNDLE_IDENTIFIER = com.me.jun1ro1.RandomData2;
				PRODUCT_NAME = "$(TARGET_NAME)";
				SWIFT_VERSION = 4.0;
				TARGETED_DEVICE_FAMILY = "1,2";
			};
			name = Release;
		};
		F9AA9FC21FFE26FE0072E4A0 /* Debug */ = {
			isa = XCBuildConfiguration;
			buildSettings = {
				ALWAYS_EMBED_SWIFT_STANDARD_LIBRARIES = YES;
				BUNDLE_LOADER = "$(TEST_HOST)";
				CODE_SIGN_STYLE = Automatic;
				DEVELOPMENT_TEAM = XLW76U7H2R;
				INFOPLIST_FILE = RandomData2Tests/Info.plist;
				LD_RUNPATH_SEARCH_PATHS = "$(inherited) @executable_path/Frameworks @loader_path/Frameworks";
				PRODUCT_BUNDLE_IDENTIFIER = com.me.jun1ro1.RandomData2Tests;
				PRODUCT_NAME = "$(TARGET_NAME)";
				SWIFT_VERSION = 4.0;
				TARGETED_DEVICE_FAMILY = "1,2";
				TEST_HOST = "$(BUILT_PRODUCTS_DIR)/RandomData2.app/RandomData2";
			};
			name = Debug;
		};
		F9AA9FC31FFE26FE0072E4A0 /* Release */ = {
			isa = XCBuildConfiguration;
			buildSettings = {
				ALWAYS_EMBED_SWIFT_STANDARD_LIBRARIES = YES;
				BUNDLE_LOADER = "$(TEST_HOST)";
				CODE_SIGN_STYLE = Automatic;
				DEVELOPMENT_TEAM = XLW76U7H2R;
				INFOPLIST_FILE = RandomData2Tests/Info.plist;
				LD_RUNPATH_SEARCH_PATHS = "$(inherited) @executable_path/Frameworks @loader_path/Frameworks";
				PRODUCT_BUNDLE_IDENTIFIER = com.me.jun1ro1.RandomData2Tests;
				PRODUCT_NAME = "$(TARGET_NAME)";
				SWIFT_VERSION = 4.0;
				TARGETED_DEVICE_FAMILY = "1,2";
				TEST_HOST = "$(BUILT_PRODUCTS_DIR)/RandomData2.app/RandomData2";
			};
			name = Release;
		};
		F9AA9FC51FFE26FE0072E4A0 /* Debug */ = {
			isa = XCBuildConfiguration;
			buildSettings = {
				ALWAYS_EMBED_SWIFT_STANDARD_LIBRARIES = YES;
				CODE_SIGN_STYLE = Automatic;
				DEVELOPMENT_TEAM = XLW76U7H2R;
				INFOPLIST_FILE = RandomData2UITests/Info.plist;
				LD_RUNPATH_SEARCH_PATHS = "$(inherited) @executable_path/Frameworks @loader_path/Frameworks";
				PRODUCT_BUNDLE_IDENTIFIER = com.me.jun1ro1.RandomData2UITests;
				PRODUCT_NAME = "$(TARGET_NAME)";
				SWIFT_VERSION = 4.0;
				TARGETED_DEVICE_FAMILY = "1,2";
				TEST_TARGET_NAME = RandomData2;
			};
			name = Debug;
		};
		F9AA9FC61FFE26FE0072E4A0 /* Release */ = {
			isa = XCBuildConfiguration;
			buildSettings = {
				ALWAYS_EMBED_SWIFT_STANDARD_LIBRARIES = YES;
				CODE_SIGN_STYLE = Automatic;
				DEVELOPMENT_TEAM = XLW76U7H2R;
				INFOPLIST_FILE = RandomData2UITests/Info.plist;
				LD_RUNPATH_SEARCH_PATHS = "$(inherited) @executable_path/Frameworks @loader_path/Frameworks";
				PRODUCT_BUNDLE_IDENTIFIER = com.me.jun1ro1.RandomData2UITests;
				PRODUCT_NAME = "$(TARGET_NAME)";
				SWIFT_VERSION = 4.0;
				TARGETED_DEVICE_FAMILY = "1,2";
				TEST_TARGET_NAME = RandomData2;
			};
			name = Release;
		};
/* End XCBuildConfiguration section */

/* Begin XCConfigurationList section */
		F9AA9F911FFE26FE0072E4A0 /* Build configuration list for PBXProject "RandomData2" */ = {
			isa = XCConfigurationList;
			buildConfigurations = (
				F9AA9FBC1FFE26FE0072E4A0 /* Debug */,
				F9AA9FBD1FFE26FE0072E4A0 /* Release */,
			);
			defaultConfigurationIsVisible = 0;
			defaultConfigurationName = Release;
		};
		F9AA9FBE1FFE26FE0072E4A0 /* Build configuration list for PBXNativeTarget "RandomData2" */ = {
			isa = XCConfigurationList;
			buildConfigurations = (
				F9AA9FBF1FFE26FE0072E4A0 /* Debug */,
				F9AA9FC01FFE26FE0072E4A0 /* Release */,
			);
			defaultConfigurationIsVisible = 0;
			defaultConfigurationName = Release;
		};
		F9AA9FC11FFE26FE0072E4A0 /* Build configuration list for PBXNativeTarget "RandomData2Tests" */ = {
			isa = XCConfigurationList;
			buildConfigurations = (
				F9AA9FC21FFE26FE0072E4A0 /* Debug */,
				F9AA9FC31FFE26FE0072E4A0 /* Release */,
			);
			defaultConfigurationIsVisible = 0;
			defaultConfigurationName = Release;
		};
		F9AA9FC41FFE26FE0072E4A0 /* Build configuration list for PBXNativeTarget "RandomData2UITests" */ = {
			isa = XCConfigurationList;
			buildConfigurations = (
				F9AA9FC51FFE26FE0072E4A0 /* Debug */,
				F9AA9FC61FFE26FE0072E4A0 /* Release */,
			);
			defaultConfigurationIsVisible = 0;
			defaultConfigurationName = Release;
		};
/* End XCConfigurationList section */
	};
	rootObject = F9AA9F8E1FFE26FE0072E4A0 /* Project object */;
}
